
Microsoft Visual Studio Solution File, Format Version 12.00
# Visual Studio 14
VisualStudioVersion = 14.0.24720.0
MinimumVisualStudioVersion = 10.0.40219.1
Project("{8BC9CEB8-8B4A-11D0-8D11-00A0C91BC942}") = "astx", "astx.vcxproj", "{F1B27CCD-780A-425B-9560-64C4F146F910}"
EndProject
Global
	GlobalSection(SolutionConfigurationPlatforms) = preSolution
		Debug_TS|x64 = Debug_TS|x64
		Debug_TS|x86 = Debug_TS|x86
		Debug|x64 = Debug|x64
		Debug|x86 = Debug|x86
		Release_TS|x64 = Release_TS|x64
		Release_TS|x86 = Release_TS|x86
		Release|x64 = Release|x64
		Release|x86 = Release|x86
	EndGlobalSection
	GlobalSection(ProjectConfigurationPlatforms) = postSolution
		{F1B27CCD-780A-425B-9560-64C4F146F910}.Debug_TS|x64.ActiveCfg = Debug_TS|x64
		{F1B27CCD-780A-425B-9560-64C4F146F910}.Debug_TS|x64.Build.0 = Debug_TS|x64
		{F1B27CCD-780A-425B-9560-64C4F146F910}.Debug_TS|x86.ActiveCfg = Debug_TS|Win32
		{F1B27CCD-780A-425B-9560-64C4F146F910}.Debug_TS|x86.Build.0 = Debug_TS|Win32
		{F1B27CCD-780A-425B-9560-64C4F146F910}.Debug|x64.ActiveCfg = Debug|x64
		{F1B27CCD-780A-425B-9560-64C4F146F910}.Debug|x64.Build.0 = Debug|x64
		{F1B27CCD-780A-425B-9560-64C4F146F910}.Debug|x86.ActiveCfg = Debug|Win32
		{F1B27CCD-780A-425B-9560-64C4F146F910}.Debug|x86.Build.0 = Debug|Win32
		{F1B27CCD-780A-425B-9560-64C4F146F910}.Release_TS|x64.ActiveCfg = Release_TS|x64
		{F1B27CCD-780A-425B-9560-64C4F146F910}.Release_TS|x64.Build.0 = Release_TS|x64
		{F1B27CCD-780A-425B-9560-64C4F146F910}.Release_TS|x86.ActiveCfg = Release_TS|Win32
		{F1B27CCD-780A-425B-9560-64C4F146F910}.Release_TS|x86.Build.0 = Release_TS|Win32
		{F1B27CCD-780A-425B-9560-64C4F146F910}.Release|x64.ActiveCfg = Release|x64
		{F1B27CCD-780A-425B-9560-64C4F146F910}.Release|x64.Build.0 = Release|x64
		{F1B27CCD-780A-425B-9560-64C4F146F910}.Release|x86.ActiveCfg = Release|Win32
		{F1B27CCD-780A-425B-9560-64C4F146F910}.Release|x86.Build.0 = Release|Win32
	EndGlobalSection
	GlobalSection(SolutionProperties) = preSolution
		HideSolutionNode = FALSE
	EndGlobalSection
EndGlobal
